dependencies:
- name: postgresql
  repository: https://charts.bitnami.com/bitnami
  version: 18.5.14
- name: mysql
  repository: https://charts.bitnami.com/bitnami
  version: 14.0.3
- name: common
  repository: oci://registry-1.docker.io/bitnamicharts
  version: 2.37.0
digest: sha256:02da091d5a767ee3b567704a010d29fc25f31cc2670644c85acba7eef3125af6
generated: "2026-03-30T05:47:46.800178539Z"
